schema: '2.0'
stages:
  data_ingestion:
    cmd: python src/data/data_ingestion.py
    deps:
    - path: src/data/data_ingestion.py
      hash: md5
      md5: eb808c0b8c189b96f802ec5f59df81c9
      size: 3567
    params:
      params.yaml:
        data_ingestion.test_size: 0.25
    outs:
    - path: data/raw
      hash: md5
      md5: e9bfa30dd39f84255646e3b2a2395680.dir
      size: 65912328
      nfiles: 2
  data_preprocessing:
    cmd: python src/data/data_preprocessing.py
    deps:
    - path: data/raw
      hash: md5
      md5: e9bfa30dd39f84255646e3b2a2395680.dir
      size: 65912328
      nfiles: 2
    - path: src/data/data_preprocessing.py
      hash: md5
      md5: 176642ba7c8a0d6d9437f6216ebdce4f
      size: 3017
    outs:
    - path: data/interim
      hash: md5
      md5: a0b3bacbc361676d1d37b4aa7e38f280.dir
      size: 40868613
      nfiles: 2
  feature_engineering:
    cmd: python src/features/feature_engineering.py
    deps:
    - path: data/interim
      hash: md5
      md5: a0b3bacbc361676d1d37b4aa7e38f280.dir
      size: 40868613
      nfiles: 2
    - path: src/features/feature_engineering.py
      hash: md5
      md5: bdde8bff1113043cfb8859fe40457c1d
      size: 3557
    params:
      params.yaml:
        feature_engineering.max_features: 5000
    outs:
    - path: data/processed
      hash: md5
      md5: ecc4bce1788b6b0594189a647f7c2397.dir
      size: 500208979
      nfiles: 2
    - path: models/vectorizer.pkl
      hash: md5
      md5: d92bf78404177133af66e70daac13c96
      size: 142736
  model_building:
    cmd: python src/model/model_building.py
    deps:
    - path: data/processed
      hash: md5
      md5: ecc4bce1788b6b0594189a647f7c2397.dir
      size: 500208979
      nfiles: 2
    - path: src/model/model_building.py
      hash: md5
      md5: 206ee54f489af89d5b38f456f1643137
      size: 1981
    outs:
    - path: models/model.pkl
      hash: md5
      md5: 3914681f75eedba9bcbae4859ee91139
      size: 40717
  model_evaluation:
    cmd: python src/model/model_evaluation.py
    deps:
    - path: models/model.pkl
      hash: md5
      md5: 3914681f75eedba9bcbae4859ee91139
      size: 40717
    - path: src/model/model_evaluation.py
      hash: md5
      md5: 9429fa9a79cf364d40a8d3f32c535e8d
      size: 5676
    outs:
    - path: reports/experiment_info.json
      hash: md5
      md5: 23b8c9a8bfa4dfcbb655bd75c266ecc9
      size: 119
    - path: reports/metrics.json
      hash: md5
      md5: 76bbc9c78215b2b0a91624dcd8b878ee
      size: 134
  model_registration:
    cmd: python src/model/register_model.py
    deps:
    - path: reports/experiment_info.json
      hash: md5
      md5: 23b8c9a8bfa4dfcbb655bd75c266ecc9
      size: 119
    - path: src/model/register_model.py
      hash: md5
      md5: a4533e73135dc7cd4ad75d5af68f436d
      size: 3352
